// !$*UTF8*$!
{
	archiveVersion = 1;
	classes = {
	};
	objectVersion = 55;
	objects = {

/* Begin PBXBuildFile section */
		08A013D529B5EB2700F4CB43 /* WorldCitizen_2_0App.swift in Sources */ = {isa = PBXBuildFile; fileRef = 08A013D429B5EB2700F4CB43 /* WorldCitizen_2_0App.swift */; };
		08A013D729B5EB2700F4CB43 /* ContentView.swift in Sources */ = {isa = PBXBuildFile; fileRef = 08A013D629B5EB2700F4CB43 /* ContentView.swift */; };
		08A013D929B5EB2A00F4CB43 /* Assets.xcassets in Resources */ = {isa = PBXBuildFile; fileRef = 08A013D829B5EB2A00F4CB43 /* Assets.xcassets */; };
		08A013DC29B5EB2A00F4CB43 /* Preview Assets.xcassets in Resources */ = {isa = PBXBuildFile; fileRef = 08A013DB29B5EB2A00F4CB43 /* Preview Assets.xcassets */; };
		08A013E629B5EB2B00F4CB43 /* WorldCitizen_2_0Tests.swift in Sources */ = {isa = PBXBuildFile; fileRef = 08A013E529B5EB2B00F4CB43 /* WorldCitizen_2_0Tests.swift */; };
		08A013F029B5EB2B00F4CB43 /* WorldCitizen_2_0UITests.swift in Sources */ = {isa = PBXBuildFile; fileRef = 08A013EF29B5EB2B00F4CB43 /* WorldCitizen_2_0UITests.swift */; };
		08A013F229B5EB2B00F4CB43 /* WorldCitizen_2_0UITestsLaunchTests.swift in Sources */ = {isa = PBXBuildFile; fileRef = 08A013F129B5EB2B00F4CB43 /* WorldCitizen_2_0UITestsLaunchTests.swift */; };
		08A0140329B6295D00F4CB43 /* HomeView.swift in Sources */ = {isa = PBXBuildFile; fileRef = 08A0140229B6295D00F4CB43 /* HomeView.swift */; };
		08A0140629B62A1B00F4CB43 /* CardView.swift in Sources */ = {isa = PBXBuildFile; fileRef = 08A0140529B62A1B00F4CB43 /* CardView.swift */; };
		08A0140829B62A7500F4CB43 /* ListItem.swift in Sources */ = {isa = PBXBuildFile; fileRef = 08A0140729B62A7500F4CB43 /* ListItem.swift */; };
		08A0140C29B62AF900F4CB43 /* DataCountries.swift in Sources */ = {isa = PBXBuildFile; fileRef = 08A0140B29B62AF900F4CB43 /* DataCountries.swift */; };
		08A0140E29B62B1E00F4CB43 /* Data.swift in Sources */ = {isa = PBXBuildFile; fileRef = 08A0140D29B62B1E00F4CB43 /* Data.swift */; };
		08A0141029B62B6400F4CB43 /* CalendarView.swift in Sources */ = {isa = PBXBuildFile; fileRef = 08A0140F29B62B6400F4CB43 /* CalendarView.swift */; };
		08A0141229B62C2600F4CB43 /* myPicturesView.swift in Sources */ = {isa = PBXBuildFile; fileRef = 08A0141129B62C2600F4CB43 /* myPicturesView.swift */; };
		08A0141429B62C7700F4CB43 /* ContactsView.swift in Sources */ = {isa = PBXBuildFile; fileRef = 08A0141329B62C7700F4CB43 /* ContactsView.swift */; };
		08A0141629B62CAB00F4CB43 /* DetailContactView.swift in Sources */ = {isa = PBXBuildFile; fileRef = 08A0141529B62CAB00F4CB43 /* DetailContactView.swift */; };
		08A0141829B62D2900F4CB43 /* DataContact.swift in Sources */ = {isa = PBXBuildFile; fileRef = 08A0141729B62D2900F4CB43 /* DataContact.swift */; };
		08A0141A29B62DDA00F4CB43 /* ListView.swift in Sources */ = {isa = PBXBuildFile; fileRef = 08A0141929B62DDA00F4CB43 /* ListView.swift */; };
		08A0141C29B62E3C00F4CB43 /* FavouritView.swift in Sources */ = {isa = PBXBuildFile; fileRef = 08A0141B29B62E3C00F4CB43 /* FavouritView.swift */; };
		08A0141E29B62E9300F4CB43 /* HaveBeenView.swift in Sources */ = {isa = PBXBuildFile; fileRef = 08A0141D29B62E9300F4CB43 /* HaveBeenView.swift */; };
		08A0142029B62EFB00F4CB43 /* HaveBeenViewModel.swift in Sources */ = {isa = PBXBuildFile; fileRef = 08A0141F29B62EFB00F4CB43 /* HaveBeenViewModel.swift */; };
		08A0142429B6611600F4CB43 /* Content-ViewModel.swift in Sources */ = {isa = PBXBuildFile; fileRef = 08A0142329B6611600F4CB43 /* Content-ViewModel.swift */; };
		08A0142629B6615700F4CB43 /* Favourites.swift in Sources */ = {isa = PBXBuildFile; fileRef = 08A0142529B6615700F4CB43 /* Favourites.swift */; };
		08A0142829B661B600F4CB43 /* Database.swift in Sources */ = {isa = PBXBuildFile; fileRef = 08A0142729B661B600F4CB43 /* Database.swift */; };
		08A0144229B6840A00F4CB43 /* GoogleService-Info.plist in Resources */ = {isa = PBXBuildFile; fileRef = 08A0144129B6840A00F4CB43 /* GoogleService-Info.plist */; };
		08A0144529B688BF00F4CB43 /* FirebaseAuth in Frameworks */ = {isa = PBXBuildFile; productRef = 08A0144429B688BF00F4CB43 /* FirebaseAuth */; };
		08A0144729B688BF00F4CB43 /* FirebaseFirestore in Frameworks */ = {isa = PBXBuildFile; productRef = 08A0144629B688BF00F4CB43 /* FirebaseFirestore */; };
		08A0144929B688BF00F4CB43 /* FirebaseFirestoreSwift-Beta in Frameworks */ = {isa = PBXBuildFile; productRef = 08A0144829B688BF00F4CB43 /* FirebaseFirestoreSwift-Beta */; };
		08A0144B29B688BF00F4CB43 /* FirebaseStorage in Frameworks */ = {isa = PBXBuildFile; productRef = 08A0144A29B688BF00F4CB43 /* FirebaseStorage */; };
		08A0144D29B688BF00F4CB43 /* FirebaseStorageSwift-Beta in Frameworks */ = {isa = PBXBuildFile; productRef = 08A0144C29B688BF00F4CB43 /* FirebaseStorageSwift-Beta */; };
		08A0144F29B68BF300F4CB43 /* HaveBeen.swift in Sources */ = {isa = PBXBuildFile; fileRef = 08A0144E29B68BF300F4CB43 /* HaveBeen.swift */; };
		08A0145429B694A700F4CB43 /* CountriesHaveBeenViewModel.swift in Sources */ = {isa = PBXBuildFile; fileRef = 08A0145329B694A700F4CB43 /* CountriesHaveBeenViewModel.swift */; };
		08A0145629B69A7500F4CB43 /* HaveBeenDetailsView.swift in Sources */ = {isa = PBXBuildFile; fileRef = 08A0145529B69A7500F4CB43 /* HaveBeenDetailsView.swift */; };
		08A0145829B6B9ED00F4CB43 /* HaveBeenEditView.swift in Sources */ = {isa = PBXBuildFile; fileRef = 08A0145729B6B9ED00F4CB43 /* HaveBeenEditView.swift */; };
/* End PBXBuildFile section */

/* Begin PBXContainerItemProxy section */
		08A013E229B5EB2B00F4CB43 /* PBXContainerItemProxy */ = {
			isa = PBXContainerItemProxy;
			containerPortal = 08A013C929B5EB2700F4CB43 /* Project object */;
			proxyType = 1;
			remoteGlobalIDString = 08A013D029B5EB2700F4CB43;
			remoteInfo = "WorldCitizen 2.0";
		};
		08A013EC29B5EB2B00F4CB43 /* PBXContainerItemProxy */ = {
			isa = PBXContainerItemProxy;
			containerPortal = 08A013C929B5EB2700F4CB43 /* Project object */;
			proxyType = 1;
			remoteGlobalIDString = 08A013D029B5EB2700F4CB43;
			remoteInfo = "WorldCitizen 2.0";
		};
/* End PBXContainerItemProxy section */

/* Begin PBXFileReference section */
		08A013D129B5EB2700F4CB43 /* WorldCitizen 2.0.app */ = {isa = PBXFileReference; explicitFileType = wrapper.application; includeInIndex = 0; path = "WorldCitizen 2.0.app"; sourceTree = BUILT_PRODUCTS_DIR; };
		08A013D429B5EB2700F4CB43 /* WorldCitizen_2_0App.swift */ = {isa = PBXFileReference; lastKnownFileType = sourcecode.swift; path = WorldCitizen_2_0App.swift; sourceTree = "<group>"; };
		08A013D629B5EB2700F4CB43 /* ContentView.swift */ = {isa = PBXFileReference; lastKnownFileType = sourcecode.swift; path = ContentView.swift; sourceTree = "<group>"; };
		08A013D829B5EB2A00F4CB43 /* Assets.xcassets */ = {isa = PBXFileReference; lastKnownFileType = folder.assetcatalog; path = Assets.xcassets; sourceTree = "<group>"; };
		08A013DB29B5EB2A00F4CB43 /* Preview Assets.xcassets */ = {isa = PBXFileReference; lastKnownFileType = folder.assetcatalog; path = "Preview Assets.xcassets"; sourceTree = "<group>"; };
		08A013E129B5EB2B00F4CB43 /* WorldCitizen 2.0Tests.xctest */ = {isa = PBXFileReference; explicitFileType = wrapper.cfbundle; includeInIndex = 0; path = "WorldCitizen 2.0Tests.xctest"; sourceTree = BUILT_PRODUCTS_DIR; };
		08A013E529B5EB2B00F4CB43 /* WorldCitizen_2_0Tests.swift */ = {isa = PBXFileReference; lastKnownFileType = sourcecode.swift; path = WorldCitizen_2_0Tests.swift; sourceTree = "<group>"; };
		08A013EB29B5EB2B00F4CB43 /* WorldCitizen 2.0UITests.xctest */ = {isa = PBXFileReference; explicitFileType = wrapper.cfbundle; includeInIndex = 0; path = "WorldCitizen 2.0UITests.xctest"; sourceTree = BUILT_PRODUCTS_DIR; };
		08A013EF29B5EB2B00F4CB43 /* WorldCitizen_2_0UITests.swift */ = {isa = PBXFileReference; lastKnownFileType = sourcecode.swift; path = WorldCitizen_2_0UITests.swift; sourceTree = "<group>"; };
		08A013F129B5EB2B00F4CB43 /* WorldCitizen_2_0UITestsLaunchTests.swift */ = {isa = PBXFileReference; lastKnownFileType = sourcecode.swift; path = WorldCitizen_2_0UITestsLaunchTests.swift; sourceTree = "<group>"; };
		08A0140229B6295D00F4CB43 /* HomeView.swift */ = {isa = PBXFileReference; lastKnownFileType = sourcecode.swift; path = HomeView.swift; sourceTree = "<group>"; };
		08A0140529B62A1B00F4CB43 /* CardView.swift */ = {isa = PBXFileReference; lastKnownFileType = sourcecode.swift; path = CardView.swift; sourceTree = "<group>"; };
		08A0140729B62A7500F4CB43 /* ListItem.swift */ = {isa = PBXFileReference; lastKnownFileType = sourcecode.swift; path = ListItem.swift; sourceTree = "<group>"; };
		08A0140B29B62AF900F4CB43 /* DataCountries.swift */ = {isa = PBXFileReference; lastKnownFileType = sourcecode.swift; path = DataCountries.swift; sourceTree = "<group>"; };
		08A0140D29B62B1E00F4CB43 /* Data.swift */ = {isa = PBXFileReference; lastKnownFileType = sourcecode.swift; path = Data.swift; sourceTree = "<group>"; };
		08A0140F29B62B6400F4CB43 /* CalendarView.swift */ = {isa = PBXFileReference; lastKnownFileType = sourcecode.swift; path = CalendarView.swift; sourceTree = "<group>"; };
		08A0141129B62C2600F4CB43 /* myPicturesView.swift */ = {isa = PBXFileReference; lastKnownFileType = sourcecode.swift; path = myPicturesView.swift; sourceTree = "<group>"; };
		08A0141329B62C7700F4CB43 /* ContactsView.swift */ = {isa = PBXFileReference; lastKnownFileType = sourcecode.swift; path = ContactsView.swift; sourceTree = "<group>"; };
		08A0141529B62CAB00F4CB43 /* DetailContactView.swift */ = {isa = PBXFileReference; lastKnownFileType = sourcecode.swift; path = DetailContactView.swift; sourceTree = "<group>"; };
		08A0141729B62D2900F4CB43 /* DataContact.swift */ = {isa = PBXFileReference; lastKnownFileType = sourcecode.swift; path = DataContact.swift; sourceTree = "<group>"; };
		08A0141929B62DDA00F4CB43 /* ListView.swift */ = {isa = PBXFileReference; lastKnownFileType = sourcecode.swift; path = ListView.swift; sourceTree = "<group>"; };
		08A0141B29B62E3C00F4CB43 /* FavouritView.swift */ = {isa = PBXFileReference; lastKnownFileType = sourcecode.swift; path = FavouritView.swift; sourceTree = "<group>"; };
		08A0141D29B62E9300F4CB43 /* HaveBeenView.swift */ = {isa = PBXFileReference; lastKnownFileType = sourcecode.swift; path = HaveBeenView.swift; sourceTree = "<group>"; };
		08A0141F29B62EFB00F4CB43 /* HaveBeenViewModel.swift */ = {isa = PBXFileReference; lastKnownFileType = sourcecode.swift; path = HaveBeenViewModel.swift; sourceTree = "<group>"; };
		08A0142329B6611600F4CB43 /* Content-ViewModel.swift */ = {isa = PBXFileReference; lastKnownFileType = sourcecode.swift; path = "Content-ViewModel.swift"; sourceTree = "<group>"; };
		08A0142529B6615700F4CB43 /* Favourites.swift */ = {isa = PBXFileReference; lastKnownFileType = sourcecode.swift; path = Favourites.swift; sourceTree = "<group>"; };
		08A0142729B661B600F4CB43 /* Database.swift */ = {isa = PBXFileReference; lastKnownFileType = sourcecode.swift; path = Database.swift; sourceTree = "<group>"; };
		08A0144129B6840A00F4CB43 /* GoogleService-Info.plist */ = {isa = PBXFileReference; fileEncoding = 4; lastKnownFileType = text.plist.xml; path = "GoogleService-Info.plist"; sourceTree = "<group>"; };
		08A0144E29B68BF300F4CB43 /* HaveBeen.swift */ = {isa = PBXFileReference; lastKnownFileType = sourcecode.swift; path = HaveBeen.swift; sourceTree = "<group>"; };
		08A0145329B694A700F4CB43 /* CountriesHaveBeenViewModel.swift */ = {isa = PBXFileReference; lastKnownFileType = sourcecode.swift; path = CountriesHaveBeenViewModel.swift; sourceTree = "<group>"; };
		08A0145529B69A7500F4CB43 /* HaveBeenDetailsView.swift */ = {isa = PBXFileReference; lastKnownFileType = sourcecode.swift; path = HaveBeenDetailsView.swift; sourceTree = "<group>"; };
		08A0145729B6B9ED00F4CB43 /* HaveBeenEditView.swift */ = {isa = PBXFileReference; lastKnownFileType = sourcecode.swift; path = HaveBeenEditView.swift; sourceTree = "<group>"; };
/* End PBXFileReference section */

/* Begin PBXFrameworksBuildPhase section */
		08A013CE29B5EB2700F4CB43 /* Frameworks */ = {
			isa = PBXFrameworksBuildPhase;
			buildActionMask = 2147483647;
			files = (
				08A0144D29B688BF00F4CB43 /* FirebaseStorageSwift-Beta in Frameworks */,
				08A0144929B688BF00F4CB43 /* FirebaseFirestoreSwift-Beta in Frameworks */,
				08A0144B29B688BF00F4CB43 /* FirebaseStorage in Frameworks */,
				08A0144529B688BF00F4CB43 /* FirebaseAuth in Frameworks */,
				08A0144729B688BF00F4CB43 /* FirebaseFirestore in Frameworks */,
			);
			runOnlyForDeploymentPostprocessing = 0;
		};
		08A013DE29B5EB2B00F4CB43 /* Frameworks */ = {
			isa = PBXFrameworksBuildPhase;
			buildActionMask = 2147483647;
			files = (
			);
			runOnlyForDeploymentPostprocessing = 0;
		};
		08A013E829B5EB2B00F4CB43 /* Frameworks */ = {
			isa = PBXFrameworksBuildPhase;
			buildActionMask = 2147483647;
			files = (
			);
			runOnlyForDeploymentPostprocessing = 0;
		};
/* End PBXFrameworksBuildPhase section */

/* Begin PBXGroup section */
		08A013C829B5EB2700F4CB43 = {
			isa = PBXGroup;
			children = (
				08A013D329B5EB2700F4CB43 /* WorldCitizen 2.0 */,
				08A013E429B5EB2B00F4CB43 /* WorldCitizen 2.0Tests */,
				08A013EE29B5EB2B00F4CB43 /* WorldCitizen 2.0UITests */,
				08A013D229B5EB2700F4CB43 /* Products */,
			);
			sourceTree = "<group>";
		};
		08A013D229B5EB2700F4CB43 /* Products */ = {
			isa = PBXGroup;
			children = (
				08A013D129B5EB2700F4CB43 /* WorldCitizen 2.0.app */,
				08A013E129B5EB2B00F4CB43 /* WorldCitizen 2.0Tests.xctest */,
				08A013EB29B5EB2B00F4CB43 /* WorldCitizen 2.0UITests.xctest */,
			);
			name = Products;
			sourceTree = "<group>";
		};
		08A013D329B5EB2700F4CB43 /* WorldCitizen 2.0 */ = {
			isa = PBXGroup;
			children = (
				08A0144129B6840A00F4CB43 /* GoogleService-Info.plist */,
				08A0145029B68FA900F4CB43 /* ViewModels */,
				08A0140A29B62AD200F4CB43 /* Model */,
				08A013D429B5EB2700F4CB43 /* WorldCitizen_2_0App.swift */,
				08A0140429B629C200F4CB43 /* Components */,
				08A0140129B5ED6100F4CB43 /* Navigation */,
				08A0140029B5ED5600F4CB43 /* Views */,
				08A013D829B5EB2A00F4CB43 /* Assets.xcassets */,
				08A013DA29B5EB2A00F4CB43 /* Preview Content */,
			);
			path = "WorldCitizen 2.0";
			sourceTree = "<group>";
		};
		08A013DA29B5EB2A00F4CB43 /* Preview Content */ = {
			isa = PBXGroup;
			children = (
				08A013DB29B5EB2A00F4CB43 /* Preview Assets.xcassets */,
			);
			path = "Preview Content";
			sourceTree = "<group>";
		};
		08A013E429B5EB2B00F4CB43 /* WorldCitizen 2.0Tests */ = {
			isa = PBXGroup;
			children = (
				08A013E529B5EB2B00F4CB43 /* WorldCitizen_2_0Tests.swift */,
			);
			path = "WorldCitizen 2.0Tests";
			sourceTree = "<group>";
		};
		08A013EE29B5EB2B00F4CB43 /* WorldCitizen 2.0UITests */ = {
			isa = PBXGroup;
			children = (
				08A013EF29B5EB2B00F4CB43 /* WorldCitizen_2_0UITests.swift */,
				08A013F129B5EB2B00F4CB43 /* WorldCitizen_2_0UITestsLaunchTests.swift */,
			);
			path = "WorldCitizen 2.0UITests";
			sourceTree = "<group>";
		};
		08A0140029B5ED5600F4CB43 /* Views */ = {
			isa = PBXGroup;
			children = (
				08A0140229B6295D00F4CB43 /* HomeView.swift */,
				08A0140F29B62B6400F4CB43 /* CalendarView.swift */,
				08A0141129B62C2600F4CB43 /* myPicturesView.swift */,
				08A0141329B62C7700F4CB43 /* ContactsView.swift */,
				08A0141529B62CAB00F4CB43 /* DetailContactView.swift */,
				08A0141929B62DDA00F4CB43 /* ListView.swift */,
				08A0141B29B62E3C00F4CB43 /* FavouritView.swift */,
				08A0141D29B62E9300F4CB43 /* HaveBeenView.swift */,
				08A0145529B69A7500F4CB43 /* HaveBeenDetailsView.swift */,
				08A0145729B6B9ED00F4CB43 /* HaveBeenEditView.swift */,
			);
			path = Views;
			sourceTree = "<group>";
		};
		08A0140129B5ED6100F4CB43 /* Navigation */ = {
			isa = PBXGroup;
			children = (
				08A013D629B5EB2700F4CB43 /* ContentView.swift */,
			);
			path = Navigation;
			sourceTree = "<group>";
		};
		08A0140429B629C200F4CB43 /* Components */ = {
			isa = PBXGroup;
			children = (
				08A0140529B62A1B00F4CB43 /* CardView.swift */,
				08A0140729B62A7500F4CB43 /* ListItem.swift */,
			);
			path = Components;
			sourceTree = "<group>";
		};
		08A0140A29B62AD200F4CB43 /* Model */ = {
			isa = PBXGroup;
			children = (
				08A0140B29B62AF900F4CB43 /* DataCountries.swift */,
				08A0140D29B62B1E00F4CB43 /* Data.swift */,
				08A0141729B62D2900F4CB43 /* DataContact.swift */,
				08A0142329B6611600F4CB43 /* Content-ViewModel.swift */,
				08A0142529B6615700F4CB43 /* Favourites.swift */,
				08A0142729B661B600F4CB43 /* Database.swift */,
				08A0144E29B68BF300F4CB43 /* HaveBeen.swift */,
			);
			path = Model;
			sourceTree = "<group>";
		};
		08A0145029B68FA900F4CB43 /* ViewModels */ = {
			isa = PBXGroup;
			children = (
				08A0141F29B62EFB00F4CB43 /* HaveBeenViewModel.swift */,
				08A0145329B694A700F4CB43 /* CountriesHaveBeenViewModel.swift */,
			);
			path = ViewModels;
			sourceTree = "<group>";
		};
/* End PBXGroup section */

/* Begin PBXNativeTarget section */
		08A013D029B5EB2700F4CB43 /* WorldCitizen 2.0 */ = {
			isa = PBXNativeTarget;
			buildConfigurationList = 08A013F529B5EB2B00F4CB43 /* Build configuration list for PBXNativeTarget "WorldCitizen 2.0" */;
			buildPhases = (
				08A013CD29B5EB2700F4CB43 /* Sources */,
				08A013CE29B5EB2700F4CB43 /* Frameworks */,
				08A013CF29B5EB2700F4CB43 /* Resources */,
			);
			buildRules = (
			);
			dependencies = (
			);
			name = "WorldCitizen 2.0";
			packageProductDependencies = (
				08A0144429B688BF00F4CB43 /* FirebaseAuth */,
				08A0144629B688BF00F4CB43 /* FirebaseFirestore */,
				08A0144829B688BF00F4CB43 /* FirebaseFirestoreSwift-Beta */,
				08A0144A29B688BF00F4CB43 /* FirebaseStorage */,
				08A0144C29B688BF00F4CB43 /* FirebaseStorageSwift-Beta */,
			);
			productName = "WorldCitizen 2.0";
			productReference = 08A013D129B5EB2700F4CB43 /* WorldCitizen 2.0.app */;
			productType = "com.apple.product-type.application";
		};
		08A013E029B5EB2B00F4CB43 /* WorldCitizen 2.0Tests */ = {
			isa = PBXNativeTarget;
			buildConfigurationList = 08A013F829B5EB2B00F4CB43 /* Build configuration list for PBXNativeTarget "WorldCitizen 2.0Tests" */;
			buildPhases = (
				08A013DD29B5EB2B00F4CB43 /* Sources */,
				08A013DE29B5EB2B00F4CB43 /* Frameworks */,
				08A013DF29B5EB2B00F4CB43 /* Resources */,
			);
			buildRules = (
			);
			dependencies = (
				08A013E329B5EB2B00F4CB43 /* PBXTargetDependency */,
			);
			name = "WorldCitizen 2.0Tests";
			productName = "WorldCitizen 2.0Tests";
			productReference = 08A013E129B5EB2B00F4CB43 /* WorldCitizen 2.0Tests.xctest */;
			productType = "com.apple.product-type.bundle.unit-test";
		};
		08A013EA29B5EB2B00F4CB43 /* WorldCitizen 2.0UITests */ = {
			isa = PBXNativeTarget;
			buildConfigurationList = 08A013FB29B5EB2B00F4CB43 /* Build configuration list for PBXNativeTarget "WorldCitizen 2.0UITests" */;
			buildPhases = (
				08A013E729B5EB2B00F4CB43 /* Sources */,
				08A013E829B5EB2B00F4CB43 /* Frameworks */,
				08A013E929B5EB2B00F4CB43 /* Resources */,
			);
			buildRules = (
			);
			dependencies = (
				08A013ED29B5EB2B00F4CB43 /* PBXTargetDependency */,
			);
			name = "WorldCitizen 2.0UITests";
			productName = "WorldCitizen 2.0UITests";
			productReference = 08A013EB29B5EB2B00F4CB43 /* WorldCitizen 2.0UITests.xctest */;
			productType = "com.apple.product-type.bundle.ui-testing";
		};
/* End PBXNativeTarget section */

/* Begin PBXProject section */
		08A013C929B5EB2700F4CB43 /* Project object */ = {
			isa = PBXProject;
			attributes = {
				BuildIndependentTargetsInParallel = 1;
				LastSwiftUpdateCheck = 1310;
				LastUpgradeCheck = 1310;
				TargetAttributes = {
					08A013D029B5EB2700F4CB43 = {
						CreatedOnToolsVersion = 13.1;
					};
					08A013E029B5EB2B00F4CB43 = {
						CreatedOnToolsVersion = 13.1;
						TestTargetID = 08A013D029B5EB2700F4CB43;
					};
					08A013EA29B5EB2B00F4CB43 = {
						CreatedOnToolsVersion = 13.1;
						TestTargetID = 08A013D029B5EB2700F4CB43;
					};
				};
			};
			buildConfigurationList = 08A013CC29B5EB2700F4CB43 /* Build configuration list for PBXProject "WorldCitizen 2.0" */;
			compatibilityVersion = "Xcode 13.0";
			developmentRegion = en;
			hasScannedForEncodings = 0;
			knownRegions = (
				en,
				Base,
			);
			mainGroup = 08A013C829B5EB2700F4CB43;
			packageReferences = (
				08A0144329B688BE00F4CB43 /* XCRemoteSwiftPackageReference "firebase-ios-sdk" */,
			);
			productRefGroup = 08A013D229B5EB2700F4CB43 /* Products */;
			projectDirPath = "";
			projectRoot = "";
			targets = (
				08A013D029B5EB2700F4CB43 /* WorldCitizen 2.0 */,
				08A013E029B5EB2B00F4CB43 /* WorldCitizen 2.0Tests */,
				08A013EA29B5EB2B00F4CB43 /* WorldCitizen 2.0UITests */,
			);
		};
/* End PBXProject section */

/* Begin PBXResourcesBuildPhase section */
		08A013CF29B5EB2700F4CB43 /* Resources */ = {
			isa = PBXResourcesBuildPhase;
			buildActionMask = 2147483647;
			files = (
				08A013DC29B5EB2A00F4CB43 /* Preview Assets.xcassets in Resources */,
				08A013D929B5EB2A00F4CB43 /* Assets.xcassets in Resources */,
				08A0144229B6840A00F4CB43 /* GoogleService-Info.plist in Resources */,
			);
			runOnlyForDeploymentPostprocessing = 0;
		};
		08A013DF29B5EB2B00F4CB43 /* Resources */ = {
			isa = PBXResourcesBuildPhase;
			buildActionMask = 2147483647;
			files = (
			);
			runOnlyForDeploymentPostprocessing = 0;
		};
		08A013E929B5EB2B00F4CB43 /* Resources */ = {
			isa = PBXResourcesBuildPhase;
			buildActionMask = 2147483647;
			files = (
			);
			runOnlyForDeploymentPostprocessing = 0;
		};
/* End PBXResourcesBuildPhase section */

/* Begin PBXSourcesBuildPhase section */
		08A013CD29B5EB2700F4CB43 /* Sources */ = {
			isa = PBXSourcesBuildPhase;
			buildActionMask = 2147483647;
			files = (
				08A0141629B62CAB00F4CB43 /* DetailContactView.swift in Sources */,
				08A0140829B62A7500F4CB43 /* ListItem.swift in Sources */,
				08A0141C29B62E3C00F4CB43 /* FavouritView.swift in Sources */,
				08A0145629B69A7500F4CB43 /* HaveBeenDetailsView.swift in Sources */,
				08A0145429B694A700F4CB43 /* CountriesHaveBeenViewModel.swift in Sources */,
				08A0140C29B62AF900F4CB43 /* DataCountries.swift in Sources */,
				08A0140329B6295D00F4CB43 /* HomeView.swift in Sources */,
				08A0141E29B62E9300F4CB43 /* HaveBeenView.swift in Sources */,
				08A013D729B5EB2700F4CB43 /* ContentView.swift in Sources */,
				08A0144F29B68BF300F4CB43 /* HaveBeen.swift in Sources */,
				08A0141029B62B6400F4CB43 /* CalendarView.swift in Sources */,
				08A0142629B6615700F4CB43 /* Favourites.swift in Sources */,
				08A013D529B5EB2700F4CB43 /* WorldCitizen_2_0App.swift in Sources */,
				08A0141229B62C2600F4CB43 /* myPicturesView.swift in Sources */,
				08A0145829B6B9ED00F4CB43 /* HaveBeenEditView.swift in Sources */,
				08A0141829B62D2900F4CB43 /* DataContact.swift in Sources */,
				08A0141A29B62DDA00F4CB43 /* ListView.swift in Sources */,
				08A0142029B62EFB00F4CB43 /* HaveBeenViewModel.swift in Sources */,
				08A0142429B6611600F4CB43 /* Content-ViewModel.swift in Sources */,
				08A0140629B62A1B00F4CB43 /* CardView.swift in Sources */,
				08A0141429B62C7700F4CB43 /* ContactsView.swift in Sources */,
				08A0142829B661B600F4CB43 /* Database.swift in Sources */,
				08A0140E29B62B1E00F4CB43 /* Data.swift in Sources */,
			);
			runOnlyForDeploymentPostprocessing = 0;
		};
		08A013DD29B5EB2B00F4CB43 /* Sources */ = {
			isa = PBXSourcesBuildPhase;
			buildActionMask = 2147483647;
			files = (
				08A013E629B5EB2B00F4CB43 /* WorldCitizen_2_0Tests.swift in Sources */,
			);
			runOnlyForDeploymentPostprocessing = 0;
		};
		08A013E729B5EB2B00F4CB43 /* Sources */ = {
			isa = PBXSourcesBuildPhase;
			buildActionMask = 2147483647;
			files = (
				08A013F229B5EB2B00F4CB43 /* WorldCitizen_2_0UITestsLaunchTests.swift in Sources */,
				08A013F029B5EB2B00F4CB43 /* WorldCitizen_2_0UITests.swift in Sources */,
			);
			runOnlyForDeploymentPostprocessing = 0;
		};
/* End PBXSourcesBuildPhase section */

/* Begin PBXTargetDependency section */
		08A013E329B5EB2B00F4CB43 /* PBXTargetDependency */ = {
			isa = PBXTargetDependency;
			target = 08A013D029B5EB2700F4CB43 /* WorldCitizen 2.0 */;
			targetProxy = 08A013E229B5EB2B00F4CB43 /* PBXContainerItemProxy */;
		};
		08A013ED29B5EB2B00F4CB43 /* PBXTargetDependency */ = {
			isa = PBXTargetDependency;
			target = 08A013D029B5EB2700F4CB43 /* WorldCitizen 2.0 */;
			targetProxy = 08A013EC29B5EB2B00F4CB43 /* PBXContainerItemProxy */;
		};
/* End PBXTargetDependency section */

/* Begin XCBuildConfiguration section */
		08A013F329B5EB2B00F4CB43 /* Debug */ = {
			isa = XCBuildConfiguration;
			buildSettings = {
				ALWAYS_SEARCH_USER_PATHS = NO;
				CLANG_ANALYZER_NONNULL = YES;
				CLANG_ANALYZER_NUMBER_OBJECT_CONVERSION = YES_AGGRESSIVE;
				CLANG_CXX_LANGUAGE_STANDARD = "gnu++17";
				CLANG_CXX_LIBRARY = "libc++";
				CLANG_ENABLE_MODULES = YES;
				CLANG_ENABLE_OBJC_ARC = YES;
				CLANG_ENABLE_OBJC_WEAK = YES;
				CLANG_WARN_BLOCK_CAPTURE_AUTORELEASING = YES;
				CLANG_WARN_BOOL_CONVERSION = YES;
				CLANG_WARN_COMMA = YES;
				CLANG_WARN_CONSTANT_CONVERSION = YES;
				CLANG_WARN_DEPRECATED_OBJC_IMPLEMENTATIONS = YES;
				CLANG_WARN_DIRECT_OBJC_ISA_USAGE = YES_ERROR;
				CLANG_WARN_DOCUMENTATION_COMMENTS = YES;
				CLANG_WARN_EMPTY_BODY = YES;
				CLANG_WARN_ENUM_CONVERSION = YES;
				CLANG_WARN_INFINITE_RECURSION = YES;
				CLANG_WARN_INT_CONVERSION = YES;
				CLANG_WARN_NON_LITERAL_NULL_CONVERSION = YES;
				CLANG_WARN_OBJC_IMPLICIT_RETAIN_SELF = YES;
				CLANG_WARN_OBJC_LITERAL_CONVERSION = YES;
				CLANG_WARN_OBJC_ROOT_CLASS = YES_ERROR;
				CLANG_WARN_QUOTED_INCLUDE_IN_FRAMEWORK_HEADER = YES;
				CLANG_WARN_RANGE_LOOP_ANALYSIS = YES;
				CLANG_WARN_STRICT_PROTOTYPES = YES;
				CLANG_WARN_SUSPICIOUS_MOVE = YES;
				CLANG_WARN_UNGUARDED_AVAILABILITY = YES_AGGRESSIVE;
				CLANG_WARN_UNREACHABLE_CODE = YES;
				CLANG_WARN__DUPLICATE_METHOD_MATCH = YES;
				COPY_PHASE_STRIP = NO;
				DEBUG_INFORMATION_FORMAT = dwarf;
				ENABLE_STRICT_OBJC_MSGSEND = YES;
				ENABLE_TESTABILITY = YES;
				GCC_C_LANGUAGE_STANDARD = gnu11;
				GCC_DYNAMIC_NO_PIC = NO;
				GCC_NO_COMMON_BLOCKS = YES;
				GCC_OPTIMIZATION_LEVEL = 0;
				GCC_PREPROCESSOR_DEFINITIONS = (
					"DEBUG=1",
					"$(inherited)",
				);
				GCC_WARN_64_TO_32_BIT_CONVERSION = YES;
				GCC_WARN_ABOUT_RETURN_TYPE = YES_ERROR;
				GCC_WARN_UNDECLARED_SELECTOR = YES;
				GCC_WARN_UNINITIALIZED_AUTOS = YES_AGGRESSIVE;
				GCC_WARN_UNUSED_FUNCTION = YES;
				GCC_WARN_UNUSED_VARIABLE = YES;
				IPHONEOS_DEPLOYMENT_TARGET = 15.0;
				MTL_ENABLE_DEBUG_INFO = INCLUDE_SOURCE;
				MTL_FAST_MATH = YES;
				ONLY_ACTIVE_ARCH = YES;
				SDKROOT = iphoneos;
				SWIFT_ACTIVE_COMPILATION_CONDITIONS = DEBUG;
				SWIFT_OPTIMIZATION_LEVEL = "-Onone";
			};
			name = Debug;
		};
		08A013F429B5EB2B00F4CB43 /* Release */ = {
			isa = XCBuildConfiguration;
			buildSettings = {
				ALWAYS_SEARCH_USER_PATHS = NO;
				CLANG_ANALYZER_NONNULL = YES;
				CLANG_ANALYZER_NUMBER_OBJECT_CONVERSION = YES_AGGRESSIVE;
				CLANG_CXX_LANGUAGE_STANDARD = "gnu++17";
				CLANG_CXX_LIBRARY = "libc++";
				CLANG_ENABLE_MODULES = YES;
				CLANG_ENABLE_OBJC_ARC = YES;
				CLANG_ENABLE_OBJC_WEAK = YES;
				CLANG_WARN_BLOCK_CAPTURE_AUTORELEASING = YES;
				CLANG_WARN_BOOL_CONVERSION = YES;
				CLANG_WARN_COMMA = YES;
				CLANG_WARN_CONSTANT_CONVERSION = YES;
				CLANG_WARN_DEPRECATED_OBJC_IMPLEMENTATIONS = YES;
				CLANG_WARN_DIRECT_OBJC_ISA_USAGE = YES_ERROR;
				CLANG_WARN_DOCUMENTATION_COMMENTS = YES;
				CLANG_WARN_EMPTY_BODY = YES;
				CLANG_WARN_ENUM_CONVERSION = YES;
				CLANG_WARN_INFINITE_RECURSION = YES;
				CLANG_WARN_INT_CONVERSION = YES;
				CLANG_WARN_NON_LITERAL_NULL_CONVERSION = YES;
				CLANG_WARN_OBJC_IMPLICIT_RETAIN_SELF = YES;
				CLANG_WARN_OBJC_LITERAL_CONVERSION = YES;
				CLANG_WARN_OBJC_ROOT_CLASS = YES_ERROR;
				CLANG_WARN_QUOTED_INCLUDE_IN_FRAMEWORK_HEADER = YES;
				CLANG_WARN_RANGE_LOOP_ANALYSIS = YES;
				CLANG_WARN_STRICT_PROTOTYPES = YES;
				CLANG_WARN_SUSPICIOUS_MOVE = YES;
				CLANG_WARN_UNGUARDED_AVAILABILITY = YES_AGGRESSIVE;
				CLANG_WARN_UNREACHABLE_CODE = YES;
				CLANG_WARN__DUPLICATE_METHOD_MATCH = YES;
				COPY_PHASE_STRIP = NO;
				DEBUG_INFORMATION_FORMAT = "dwarf-with-dsym";
				ENABLE_NS_ASSERTIONS = NO;
				ENABLE_STRICT_OBJC_MSGSEND = YES;
				GCC_C_LANGUAGE_STANDARD = gnu11;
				GCC_NO_COMMON_BLOCKS = YES;
				GCC_WARN_64_TO_32_BIT_CONVERSION = YES;
				GCC_WARN_ABOUT_RETURN_TYPE = YES_ERROR;
				GCC_WARN_UNDECLARED_SELECTOR = YES;
				GCC_WARN_UNINITIALIZED_AUTOS = YES_AGGRESSIVE;
				GCC_WARN_UNUSED_FUNCTION = YES;
				GCC_WARN_UNUSED_VARIABLE = YES;
				IPHONEOS_DEPLOYMENT_TARGET = 15.0;
				MTL_ENABLE_DEBUG_INFO = NO;
				MTL_FAST_MATH = YES;
				SDKROOT = iphoneos;
				SWIFT_COMPILATION_MODE = wholemodule;
				SWIFT_OPTIMIZATION_LEVEL = "-O";
				VALIDATE_PRODUCT = YES;
			};
			name = Release;
		};
		08A013F629B5EB2B00F4CB43 /* Debug */ = {
			isa = XCBuildConfiguration;
			buildSettings = {
				ASSETCATALOG_COMPILER_APPICON_NAME = AppIcon;
				ASSETCATALOG_COMPILER_GLOBAL_ACCENT_COLOR_NAME = AccentColor;
				CODE_SIGN_STYLE = Automatic;
				CURRENT_PROJECT_VERSION = 1;
				DEVELOPMENT_ASSET_PATHS = "\"WorldCitizen 2.0/Preview Content\"";
				ENABLE_PREVIEWS = YES;
				GENERATE_INFOPLIST_FILE = YES;
				INFOPLIST_KEY_UIApplicationSceneManifest_Generation = YES;
				INFOPLIST_KEY_UIApplicationSupportsIndirectInputEvents = YES;
				INFOPLIST_KEY_UILaunchScreen_Generation = YES;
				INFOPLIST_KEY_UISupportedInterfaceOrientations_iPad = "UIInterfaceOrientationPortrait UIInterfaceOrientationPortraitUpsideDown UIInterfaceOrientationLandscapeLeft UIInterfaceOrientationLandscapeRight";
				INFOPLIST_KEY_UISupportedInterfaceOrientations_iPhone = "UIInterfaceOrientationPortrait UIInterfaceOrientationLandscapeLeft UIInterfaceOrientationLandscapeRight";
				LD_RUNPATH_SEARCH_PATHS = (
					"$(inherited)",
					"@executable_path/Frameworks",
				);
				MARKETING_VERSION = 1.0;
				PRODUCT_BUNDLE_IDENTIFIER = "Menia.WorldCitizen-2-0";
				PRODUCT_NAME = "$(TARGET_NAME)";
				SWIFT_EMIT_LOC_STRINGS = YES;
				SWIFT_VERSION = 5.0;
				TARGETED_DEVICE_FAMILY = "1,2";
			};
			name = Debug;
		};
		08A013F729B5EB2B00F4CB43 /* Release */ = {
			isa = XCBuildConfiguration;
			buildSettings = {
				ASSETCATALOG_COMPILER_APPICON_NAME = AppIcon;
				ASSETCATALOG_COMPILER_GLOBAL_ACCENT_COLOR_NAME = AccentColor;
				CODE_SIGN_STYLE = Automatic;
				CURRENT_PROJECT_VERSION = 1;
				DEVELOPMENT_ASSET_PATHS = "\"WorldCitizen 2.0/Preview Content\"";
				ENABLE_PREVIEWS = YES;
				GENERATE_INFOPLIST_FILE = YES;
				INFOPLIST_KEY_UIApplicationSceneManifest_Generation = YES;
				INFOPLIST_KEY_UIApplicationSupportsIndirectInputEvents = YES;
				INFOPLIST_KEY_UILaunchScreen_Generation = YES;
				INFOPLIST_KEY_UISupportedInterfaceOrientations_iPad = "UIInterfaceOrientationPortrait UIInterfaceOrientationPortraitUpsideDown UIInterfaceOrientationLandscapeLeft UIInterfaceOrientationLandscapeRight";
				INFOPLIST_KEY_UISupportedInterfaceOrientations_iPhone = "UIInterfaceOrientationPortrait UIInterfaceOrientationLandscapeLeft UIInterfaceOrientationLandscapeRight";
				LD_RUNPATH_SEARCH_PATHS = (
					"$(inherited)",
					"@executable_path/Frameworks",
				);
				MARKETING_VERSION = 1.0;
				PRODUCT_BUNDLE_IDENTIFIER = "Menia.WorldCitizen-2-0";
				PRODUCT_NAME = "$(TARGET_NAME)";
				SWIFT_EMIT_LOC_STRINGS = YES;
				SWIFT_VERSION = 5.0;
				TARGETED_DEVICE_FAMILY = "1,2";
			};
			name = Release;
		};
		08A013F929B5EB2B00F4CB43 /* Debug */ = {
			isa = XCBuildConfiguration;
			buildSettings = {
				ALWAYS_EMBED_SWIFT_STANDARD_LIBRARIES = YES;
				BUNDLE_LOADER = "$(TEST_HOST)";
				CODE_SIGN_STYLE = Automatic;
				CURRENT_PROJECT_VERSION = 1;
				GENERATE_INFOPLIST_FILE = YES;
				IPHONEOS_DEPLOYMENT_TARGET = 15.0;
				LD_RUNPATH_SEARCH_PATHS = (
					"$(inherited)",
					"@executable_path/Frameworks",
					"@loader_path/Frameworks",
				);
				MARKETING_VERSION = 1.0;
				PRODUCT_BUNDLE_IDENTIFIER = "Menia.WorldCitizen-2-0Tests";
				PRODUCT_NAME = "$(TARGET_NAME)";
				SWIFT_EMIT_LOC_STRINGS = NO;
				SWIFT_VERSION = 5.0;
				TARGETED_DEVICE_FAMILY = "1,2";
				TEST_HOST = "$(BUILT_PRODUCTS_DIR)/WorldCitizen 2.0.app/WorldCitizen 2.0";
			};
			name = Debug;
		};
		08A013FA29B5EB2B00F4CB43 /* Release */ = {
			isa = XCBuildConfiguration;
			buildSettings = {
				ALWAYS_EMBED_SWIFT_STANDARD_LIBRARIES = YES;
				BUNDLE_LOADER = "$(TEST_HOST)";
				CODE_SIGN_STYLE = Automatic;
				CURRENT_PROJECT_VERSION = 1;
				GENERATE_INFOPLIST_FILE = YES;
				IPHONEOS_DEPLOYMENT_TARGET = 15.0;
				LD_RUNPATH_SEARCH_PATHS = (
					"$(inherited)",
					"@executable_path/Frameworks",
					"@loader_path/Frameworks",
				);
				MARKETING_VERSION = 1.0;
				PRODUCT_BUNDLE_IDENTIFIER = "Menia.WorldCitizen-2-0Tests";
				PRODUCT_NAME = "$(TARGET_NAME)";
				SWIFT_EMIT_LOC_STRINGS = NO;
				SWIFT_VERSION = 5.0;
				TARGETED_DEVICE_FAMILY = "1,2";
				TEST_HOST = "$(BUILT_PRODUCTS_DIR)/WorldCitizen 2.0.app/WorldCitizen 2.0";
			};
			name = Release;
		};
		08A013FC29B5EB2B00F4CB43 /* Debug */ = {
			isa = XCBuildConfiguration;
			buildSettings = {
				ALWAYS_EMBED_SWIFT_STANDARD_LIBRARIES = YES;
				CODE_SIGN_STYLE = Automatic;
				CURRENT_PROJECT_VERSION = 1;
				GENERATE_INFOPLIST_FILE = YES;
				LD_RUNPATH_SEARCH_PATHS = (
					"$(inherited)",
					"@executable_path/Frameworks",
					"@loader_path/Frameworks",
				);
				MARKETING_VERSION = 1.0;
				PRODUCT_BUNDLE_IDENTIFIER = "Menia.WorldCitizen-2-0UITests";
				PRODUCT_NAME = "$(TARGET_NAME)";
				SWIFT_EMIT_LOC_STRINGS = NO;
				SWIFT_VERSION = 5.0;
				TARGETED_DEVICE_FAMILY = "1,2";
				TEST_TARGET_NAME = "WorldCitizen 2.0";
			};
			name = Debug;
		};
		08A013FD29B5EB2B00F4CB43 /* Release */ = {
			isa = XCBuildConfiguration;
			buildSettings = {
				ALWAYS_EMBED_SWIFT_STANDARD_LIBRARIES = YES;
				CODE_SIGN_STYLE = Automatic;
				CURRENT_PROJECT_VERSION = 1;
				GENERATE_INFOPLIST_FILE = YES;
				LD_RUNPATH_SEARCH_PATHS = (
					"$(inherited)",
					"@executable_path/Frameworks",
					"@loader_path/Frameworks",
				);
				MARKETING_VERSION = 1.0;
				PRODUCT_BUNDLE_IDENTIFIER = "Menia.WorldCitizen-2-0UITests";
				PRODUCT_NAME = "$(TARGET_NAME)";
				SWIFT_EMIT_LOC_STRINGS = NO;
				SWIFT_VERSION = 5.0;
				TARGETED_DEVICE_FAMILY = "1,2";
				TEST_TARGET_NAME = "WorldCitizen 2.0";
			};
			name = Release;
		};
/* End XCBuildConfiguration section */

/* Begin XCConfigurationList section */
		08A013CC29B5EB2700F4CB43 /* Build configuration list for PBXProject "WorldCitizen 2.0" */ = {
			isa = XCConfigurationList;
			buildConfigurations = (
				08A013F329B5EB2B00F4CB43 /* Debug */,
				08A013F429B5EB2B00F4CB43 /* Release */,
			);
			defaultConfigurationIsVisible = 0;
			defaultConfigurationName = Release;
		};
		08A013F529B5EB2B00F4CB43 /* Build configuration list for PBXNativeTarget "WorldCitizen 2.0" */ = {
			isa = XCConfigurationList;
			buildConfigurations = (
				08A013F629B5EB2B00F4CB43 /* Debug */,
				08A013F729B5EB2B00F4CB43 /* Release */,
			);
			defaultConfigurationIsVisible = 0;
			defaultConfigurationName = Release;
		};
		08A013F829B5EB2B00F4CB43 /* Build configuration list for PBXNativeTarget "WorldCitizen 2.0Tests" */ = {
			isa = XCConfigurationList;
			buildConfigurations = (
				08A013F929B5EB2B00F4CB43 /* Debug */,
				08A013FA29B5EB2B00F4CB43 /* Release */,
			);
			defaultConfigurationIsVisible = 0;
			defaultConfigurationName = Release;
		};
		08A013FB29B5EB2B00F4CB43 /* Build configuration list for PBXNativeTarget "WorldCitizen 2.0UITests" */ = {
			isa = XCConfigurationList;
			buildConfigurations = (
				08A013FC29B5EB2B00F4CB43 /* Debug */,
				08A013FD29B5EB2B00F4CB43 /* Release */,
			);
			defaultConfigurationIsVisible = 0;
			defaultConfigurationName = Release;
		};
/* End XCConfigurationList section */

/* Begin XCRemoteSwiftPackageReference section */
		08A0144329B688BE00F4CB43 /* XCRemoteSwiftPackageReference "firebase-ios-sdk" */ = {
			isa = XCRemoteSwiftPackageReference;
			repositoryURL = "https://github.com/firebase/firebase-ios-sdk.git";
			requirement = {
				kind = upToNextMajorVersion;
				minimumVersion = 8.0.0;
			};
		};
/* End XCRemoteSwiftPackageReference section */

/* Begin XCSwiftPackageProductDependency section */
		08A0144429B688BF00F4CB43 /* FirebaseAuth */ = {
			isa = XCSwiftPackageProductDependency;
			package = 08A0144329B688BE00F4CB43 /* XCRemoteSwiftPackageReference "firebase-ios-sdk" */;
			productName = FirebaseAuth;
		};
		08A0144629B688BF00F4CB43 /* FirebaseFirestore */ = {
			isa = XCSwiftPackageProductDependency;
			package = 08A0144329B688BE00F4CB43 /* XCRemoteSwiftPackageReference "firebase-ios-sdk" */;
			productName = FirebaseFirestore;
		};
		08A0144829B688BF00F4CB43 /* FirebaseFirestoreSwift-Beta */ = {
			isa = XCSwiftPackageProductDependency;
			package = 08A0144329B688BE00F4CB43 /* XCRemoteSwiftPackageReference "firebase-ios-sdk" */;
			productName = "FirebaseFirestoreSwift-Beta";
		};
		08A0144A29B688BF00F4CB43 /* FirebaseStorage */ = {
			isa = XCSwiftPackageProductDependency;
			package = 08A0144329B688BE00F4CB43 /* XCRemoteSwiftPackageReference "firebase-ios-sdk" */;
			productName = FirebaseStorage;
		};
		08A0144C29B688BF00F4CB43 /* FirebaseStorageSwift-Beta */ = {
			isa = XCSwiftPackageProductDependency;
			package = 08A0144329B688BE00F4CB43 /* XCRemoteSwiftPackageReference "firebase-ios-sdk" */;
			productName = "FirebaseStorageSwift-Beta";
		};
/* End XCSwiftPackageProductDependency section */
	};
	rootObject = 08A013C929B5EB2700F4CB43 /* Project object */;
}
